
Microsoft Visual Studio Solution File, Format Version 12.00
# Visual Studio Version 17
VisualStudioVersion = 17.4.33403.182
MinimumVisualStudioVersion = 10.0.40219.1
Project("{FAE04EC0-301F-11D3-BF4B-00C04F79EFBC}") = "CrossLinkLP", "CrossLinkLP\CrossLinkLP.csproj", "{E0F2DFF3-4A51-49BA-BADD-80098FEF5214}"
EndProject
Global
	GlobalSection(SolutionConfigurationPlatforms) = preSolution
		Debug|Any CPU = Debug|Any CPU
		Release|Any CPU = Release|Any CPU
	EndGlobalSection
	GlobalSection(ProjectConfigurationPlatforms) = postSolution
		{E0F2DFF3-4A51-49BA-BADD-80098FEF5214}.Debug|Any CPU.ActiveCfg = Debug|Any CPU
		{E0F2DFF3-4A51-49BA-BADD-80098FEF5214}.Debug|Any CPU.Build.0 = Debug|Any CPU
		{E0F2DFF3-4A51-49BA-BADD-80098FEF5214}.Release|Any CPU.ActiveCfg = Release|Any CPU
		{E0F2DFF3-4A51-49BA-BADD-80098FEF5214}.Release|Any CPU.Build.0 = Release|Any CPU
	EndGlobalSection
	GlobalSection(SolutionProperties) = preSolution
		HideSolutionNode = FALSE
	EndGlobalSection
	GlobalSection(ExtensibilityGlobals) = postSolution
		SolutionGuid = {A9449021-39EC-44A1-956F-EFAFC88C4659}
	EndGlobalSection
EndGlobal
